
Microsoft Visual Studio Solution File, Format Version 12.00
Project("{FAE04EC0-301F-11D3-BF4B-00C04F79EFBC}") = "Tacos.Cli", "Tacos.Cli\Tacos.Cli.csproj", "{DABCD935-7ECD-4F21-A9C0-E1C68BFCA248}"
EndProject
Global
	GlobalSection(SolutionConfigurationPlatforms) = preSolution
		Debug|Any CPU = Debug|Any CPU
		Release|Any CPU = Release|Any CPU
	EndGlobalSection
	GlobalSection(ProjectConfigurationPlatforms) = postSolution
		{DABCD935-7ECD-4F21-A9C0-E1C68BFCA248}.Debug|Any CPU.ActiveCfg = Debug|Any CPU
		{DABCD935-7ECD-4F21-A9C0-E1C68BFCA248}.Debug|Any CPU.Build.0 = Debug|Any CPU
		{DABCD935-7ECD-4F21-A9C0-E1C68BFCA248}.Release|Any CPU.ActiveCfg = Release|Any CPU
		{DABCD935-7ECD-4F21-A9C0-E1C68BFCA248}.Release|Any CPU.Build.0 = Release|Any CPU
	EndGlobalSection
EndGlobal
